
Microsoft Visual Studio Solution File, Format Version 12.00
# Visual Studio Version 17
VisualStudioVersion = 17.0.32112.339
MinimumVisualStudioVersion = 10.0.40219.1
Project("{FAE04EC0-301F-11D3-BF4B-00C04F79EFBC}") = "MilwaukeeSite02", "MilwaukeeSite02\MilwaukeeSite02.csproj", "{796D1EB3-E3DB-4FAA-A15C-62D9D53D8B1A}"
EndProject
Global
	GlobalSection(SolutionConfigurationPlatforms) = preSolution
		Debug|Any CPU = Debug|Any CPU
		Release|Any CPU = Release|Any CPU
	EndGlobalSection
	GlobalSection(ProjectConfigurationPlatforms) = postSolution
		{796D1EB3-E3DB-4FAA-A15C-62D9D53D8B1A}.Debug|Any CPU.ActiveCfg = Debug|Any CPU
		{796D1EB3-E3DB-4FAA-A15C-62D9D53D8B1A}.Debug|Any CPU.Build.0 = Debug|Any CPU
		{796D1EB3-E3DB-4FAA-A15C-62D9D53D8B1A}.Release|Any CPU.ActiveCfg = Release|Any CPU
		{796D1EB3-E3DB-4FAA-A15C-62D9D53D8B1A}.Release|Any CPU.Build.0 = Release|Any CPU
	EndGlobalSection
	GlobalSection(SolutionProperties) = preSolution
		HideSolutionNode = FALSE
	EndGlobalSection
	GlobalSection(ExtensibilityGlobals) = postSolution
		SolutionGuid = {A2803383-57FF-45A1-8756-F194F7932B6F}
	EndGlobalSection
EndGlobal
